
Microsoft Visual Studio Solution File, Format Version 12.00
# Visual Studio Version 17
VisualStudioVersion = 17.14.36414.22
MinimumVisualStudioVersion = 10.0.40219.1
Project("{FAE04EC0-301F-11D3-BF4B-00C04F79EFBC}") = "Bai 1", "Bai 1\Bai 1.csproj", "{41F9E3D1-4970-455A-8CB1-3315E3F3A3B0}"
EndProject
Project("{2150E333-8FDC-42A3-9474-1A3956D46DE8}") = "BuoiThucHanh1", "BuoiThucHanh1", "{02EA681E-C7D8-13C7-8484-4AC65E1B71E8}"
EndProject
Project("{FAE04EC0-301F-11D3-BF4B-00C04F79EFBC}") = "Bai 2", "Bai 2\Bai 2.csproj", "{A256A69C-E0C0-4129-B10E-D901A9BF4A3C}"
EndProject
Project("{FAE04EC0-301F-11D3-BF4B-00C04F79EFBC}") = "Bai 3", "Bai 3\Bai 3.csproj", "{8A78A005-5F8B-4E2A-9F70-DFA15D2ACE73}"
EndProject
Project("{FAE04EC0-301F-11D3-BF4B-00C04F79EFBC}") = "Bai 4", "Bai 4\Bai 4.csproj", "{4647CCBC-950D-424D-BA53-1E66CD2E100F}"
EndProject
Project("{FAE04EC0-301F-11D3-BF4B-00C04F79EFBC}") = "Bai 5", "Bai 5\Bai 5.csproj", "{E09C8811-2CAB-407F-A919-5512BFB77F88}"
EndProject
Project("{FAE04EC0-301F-11D3-BF4B-00C04F79EFBC}") = "Bai 6", "Bai 6\Bai 6.csproj", "{E6814660-6124-426E-ACBF-DD784FCC80B8}"
EndProject
Project("{FAE04EC0-301F-11D3-BF4B-00C04F79EFBC}") = "Bai 7", "Bai 7\Bai 7.csproj", "{372B3A2E-843C-4443-8CA4-6DBEC847FF03}"
EndProject
Project("{FAE04EC0-301F-11D3-BF4B-00C04F79EFBC}") = "Bai 8", "Bai 8\Bai 8.csproj", "{A703185D-23E3-4050-9E78-75B1309DFEB6}"
EndProject
Global
	GlobalSection(SolutionConfigurationPlatforms) = preSolution
		Debug|Any CPU = Debug|Any CPU
		Release|Any CPU = Release|Any CPU
	EndGlobalSection
	GlobalSection(ProjectConfigurationPlatforms) = postSolution
		{41F9E3D1-4970-455A-8CB1-3315E3F3A3B0}.Debug|Any CPU.ActiveCfg = Debug|Any CPU
		{41F9E3D1-4970-455A-8CB1-3315E3F3A3B0}.Debug|Any CPU.Build.0 = Debug|Any CPU
		{41F9E3D1-4970-455A-8CB1-3315E3F3A3B0}.Release|Any CPU.ActiveCfg = Release|Any CPU
		{41F9E3D1-4970-455A-8CB1-3315E3F3A3B0}.Release|Any CPU.Build.0 = Release|Any CPU
		{A256A69C-E0C0-4129-B10E-D901A9BF4A3C}.Debug|Any CPU.ActiveCfg = Debug|Any CPU
		{A256A69C-E0C0-4129-B10E-D901A9BF4A3C}.Debug|Any CPU.Build.0 = Debug|Any CPU
		{A256A69C-E0C0-4129-B10E-D901A9BF4A3C}.Release|Any CPU.ActiveCfg = Release|Any CPU
		{A256A69C-E0C0-4129-B10E-D901A9BF4A3C}.Release|Any CPU.Build.0 = Release|Any CPU
		{8A78A005-5F8B-4E2A-9F70-DFA15D2ACE73}.Debug|Any CPU.ActiveCfg = Debug|Any CPU
		{8A78A005-5F8B-4E2A-9F70-DFA15D2ACE73}.Debug|Any CPU.Build.0 = Debug|Any CPU
		{8A78A005-5F8B-4E2A-9F70-DFA15D2ACE73}.Release|Any CPU.ActiveCfg = Release|Any CPU
		{8A78A005-5F8B-4E2A-9F70-DFA15D2ACE73}.Release|Any CPU.Build.0 = Release|Any CPU
		{4647CCBC-950D-424D-BA53-1E66CD2E100F}.Debug|Any CPU.ActiveCfg = Debug|Any CPU
		{4647CCBC-950D-424D-BA53-1E66CD2E100F}.Debug|Any CPU.Build.0 = Debug|Any CPU
		{4647CCBC-950D-424D-BA53-1E66CD2E100F}.Release|Any CPU.ActiveCfg = Release|Any CPU
		{4647CCBC-950D-424D-BA53-1E66CD2E100F}.Release|Any CPU.Build.0 = Release|Any CPU
		{E09C8811-2CAB-407F-A919-5512BFB77F88}.Debug|Any CPU.ActiveCfg = Debug|Any CPU
		{E09C8811-2CAB-407F-A919-5512BFB77F88}.Debug|Any CPU.Build.0 = Debug|Any CPU
		{E09C8811-2CAB-407F-A919-5512BFB77F88}.Release|Any CPU.ActiveCfg = Release|Any CPU
		{E09C8811-2CAB-407F-A919-5512BFB77F88}.Release|Any CPU.Build.0 = Release|Any CPU
		{E6814660-6124-426E-ACBF-DD784FCC80B8}.Debug|Any CPU.ActiveCfg = Debug|Any CPU
		{E6814660-6124-426E-ACBF-DD784FCC80B8}.Debug|Any CPU.Build.0 = Debug|Any CPU
		{E6814660-6124-426E-ACBF-DD784FCC80B8}.Release|Any CPU.ActiveCfg = Release|Any CPU
		{E6814660-6124-426E-ACBF-DD784FCC80B8}.Release|Any CPU.Build.0 = Release|Any CPU
		{372B3A2E-843C-4443-8CA4-6DBEC847FF03}.Debug|Any CPU.ActiveCfg = Debug|Any CPU
		{372B3A2E-843C-4443-8CA4-6DBEC847FF03}.Debug|Any CPU.Build.0 = Debug|Any CPU
		{372B3A2E-843C-4443-8CA4-6DBEC847FF03}.Release|Any CPU.ActiveCfg = Release|Any CPU
		{372B3A2E-843C-4443-8CA4-6DBEC847FF03}.Release|Any CPU.Build.0 = Release|Any CPU
		{A703185D-23E3-4050-9E78-75B1309DFEB6}.Debug|Any CPU.ActiveCfg = Debug|Any CPU
		{A703185D-23E3-4050-9E78-75B1309DFEB6}.Debug|Any CPU.Build.0 = Debug|Any CPU
		{A703185D-23E3-4050-9E78-75B1309DFEB6}.Release|Any CPU.ActiveCfg = Release|Any CPU
		{A703185D-23E3-4050-9E78-75B1309DFEB6}.Release|Any CPU.Build.0 = Release|Any CPU
	EndGlobalSection
	GlobalSection(SolutionProperties) = preSolution
		HideSolutionNode = FALSE
	EndGlobalSection
	GlobalSection(NestedProjects) = preSolution
		{41F9E3D1-4970-455A-8CB1-3315E3F3A3B0} = {02EA681E-C7D8-13C7-8484-4AC65E1B71E8}
		{A256A69C-E0C0-4129-B10E-D901A9BF4A3C} = {02EA681E-C7D8-13C7-8484-4AC65E1B71E8}
		{8A78A005-5F8B-4E2A-9F70-DFA15D2ACE73} = {02EA681E-C7D8-13C7-8484-4AC65E1B71E8}
		{4647CCBC-950D-424D-BA53-1E66CD2E100F} = {02EA681E-C7D8-13C7-8484-4AC65E1B71E8}
		{E09C8811-2CAB-407F-A919-5512BFB77F88} = {02EA681E-C7D8-13C7-8484-4AC65E1B71E8}
		{E6814660-6124-426E-ACBF-DD784FCC80B8} = {02EA681E-C7D8-13C7-8484-4AC65E1B71E8}
		{372B3A2E-843C-4443-8CA4-6DBEC847FF03} = {02EA681E-C7D8-13C7-8484-4AC65E1B71E8}
		{A703185D-23E3-4050-9E78-75B1309DFEB6} = {02EA681E-C7D8-13C7-8484-4AC65E1B71E8}
	EndGlobalSection
	GlobalSection(ExtensibilityGlobals) = postSolution
		SolutionGuid = {AFF8A33E-6B51-4D50-88A9-19BDEF8E747F}
	EndGlobalSection
EndGlobal
