
Microsoft Visual Studio Solution File, Format Version 12.00
# Visual Studio Version 17
VisualStudioVersion = 17.14.36414.22
MinimumVisualStudioVersion = 10.0.40219.1
Project("{2150E333-8FDC-42A3-9474-1A3956D46DE8}") = "BuoiThucHanh2", "BuoiThucHanh2", "{02EA681E-C7D8-13C7-8484-4AC65E1B71E8}"
EndProject
Project("{FAE04EC0-301F-11D3-BF4B-00C04F79EFBC}") = "Chương 2 bài 1", "Chương 2 bài 1\Chương 2 bài 1.csproj", "{B6A6ED86-1BED-4933-BBCD-7EB90F3C29F6}"
EndProject
Project("{FAE04EC0-301F-11D3-BF4B-00C04F79EFBC}") = "Chương 2 câu 2", "Chương 2 câu 2\Chương 2 câu 2.csproj", "{168EC357-5529-4D41-B485-712E9BE4BF2C}"
EndProject
Global
	GlobalSection(SolutionConfigurationPlatforms) = preSolution
		Debug|Any CPU = Debug|Any CPU
		Release|Any CPU = Release|Any CPU
	EndGlobalSection
	GlobalSection(ProjectConfigurationPlatforms) = postSolution
		{B6A6ED86-1BED-4933-BBCD-7EB90F3C29F6}.Debug|Any CPU.ActiveCfg = Debug|Any CPU
		{B6A6ED86-1BED-4933-BBCD-7EB90F3C29F6}.Debug|Any CPU.Build.0 = Debug|Any CPU
		{B6A6ED86-1BED-4933-BBCD-7EB90F3C29F6}.Release|Any CPU.ActiveCfg = Release|Any CPU
		{B6A6ED86-1BED-4933-BBCD-7EB90F3C29F6}.Release|Any CPU.Build.0 = Release|Any CPU
		{168EC357-5529-4D41-B485-712E9BE4BF2C}.Debug|Any CPU.ActiveCfg = Debug|Any CPU
		{168EC357-5529-4D41-B485-712E9BE4BF2C}.Debug|Any CPU.Build.0 = Debug|Any CPU
		{168EC357-5529-4D41-B485-712E9BE4BF2C}.Release|Any CPU.ActiveCfg = Release|Any CPU
		{168EC357-5529-4D41-B485-712E9BE4BF2C}.Release|Any CPU.Build.0 = Release|Any CPU
	EndGlobalSection
	GlobalSection(SolutionProperties) = preSolution
		HideSolutionNode = FALSE
	EndGlobalSection
	GlobalSection(NestedProjects) = preSolution
		{B6A6ED86-1BED-4933-BBCD-7EB90F3C29F6} = {02EA681E-C7D8-13C7-8484-4AC65E1B71E8}
		{168EC357-5529-4D41-B485-712E9BE4BF2C} = {02EA681E-C7D8-13C7-8484-4AC65E1B71E8}
	EndGlobalSection
	GlobalSection(ExtensibilityGlobals) = postSolution
		SolutionGuid = {509DDE56-BA1A-472A-BC8D-75F2CBDD05F9}
	EndGlobalSection
EndGlobal
