
Microsoft Visual Studio Solution File, Format Version 12.00
# Visual Studio Version 17
VisualStudioVersion = 17.14.36414.22
MinimumVisualStudioVersion = 10.0.40219.1
Project("{2150E333-8FDC-42A3-9474-1A3956D46DE8}") = "BuoiThucHanh2", "BuoiThucHanh2", "{02EA681E-C7D8-13C7-8484-4AC65E1B71E8}"
EndProject
Project("{FAE04EC0-301F-11D3-BF4B-00C04F79EFBC}") = "Chương 2 bài 1", "Chương 2 bài 1\Chương 2 bài 1.csproj", "{B6A6ED86-1BED-4933-BBCD-7EB90F3C29F6}"
EndProject
Project("{FAE04EC0-301F-11D3-BF4B-00C04F79EFBC}") = "Chương 2 câu 2", "Chương 2 câu 2\Chương 2 câu 2.csproj", "{168EC357-5529-4D41-B485-712E9BE4BF2C}"
EndProject
Project("{FAE04EC0-301F-11D3-BF4B-00C04F79EFBC}") = "Chương 2 câu 3", "Chương 2 câu 3\Chương 2 câu 3.csproj", "{922551D0-CF38-4F1B-B5A4-809C5ABECE85}"
EndProject
Project("{FAE04EC0-301F-11D3-BF4B-00C04F79EFBC}") = "Chương 2 câu 4", "Chương 2 câu 4\Chương 2 câu 4.csproj", "{B43F24ED-D3BE-4DA2-9376-A346F2F1777E}"
EndProject
Project("{FAE04EC0-301F-11D3-BF4B-00C04F79EFBC}") = "Chương 2 câu 5", "Chương 2 câu 5\Chương 2 câu 5.csproj", "{03252CBF-A960-4086-AE6E-DB5941A47F28}"
EndProject
Project("{FAE04EC0-301F-11D3-BF4B-00C04F79EFBC}") = "Chương 2 câu 6", "Chương 2 câu 6\Chương 2 câu 6.csproj", "{55A43B23-811A-4F5A-B053-98017B6064BB}"
EndProject
Project("{FAE04EC0-301F-11D3-BF4B-00C04F79EFBC}") = "Chương 2 câu 7", "Chương 2 câu 7\Chương 2 câu 7.csproj", "{24CF8F20-AECC-465E-AC7E-054179AB86EA}"
EndProject
Project("{FAE04EC0-301F-11D3-BF4B-00C04F79EFBC}") = "Chương 2 câu 8", "Chương 2 câu 8\Chương 2 câu 8.csproj", "{111DD9B1-B701-4A2C-963E-144F2BB411AF}"
EndProject
Project("{FAE04EC0-301F-11D3-BF4B-00C04F79EFBC}") = "Chương 2 câu 9", "Chương 2 câu 9\Chương 2 câu 9.csproj", "{E5D3C3E3-4D2B-4697-9AA2-1B258FE7F517}"
EndProject
Global
	GlobalSection(SolutionConfigurationPlatforms) = preSolution
		Debug|Any CPU = Debug|Any CPU
		Release|Any CPU = Release|Any CPU
	EndGlobalSection
	GlobalSection(ProjectConfigurationPlatforms) = postSolution
		{B6A6ED86-1BED-4933-BBCD-7EB90F3C29F6}.Debug|Any CPU.ActiveCfg = Debug|Any CPU
		{B6A6ED86-1BED-4933-BBCD-7EB90F3C29F6}.Debug|Any CPU.Build.0 = Debug|Any CPU
		{B6A6ED86-1BED-4933-BBCD-7EB90F3C29F6}.Release|Any CPU.ActiveCfg = Release|Any CPU
		{B6A6ED86-1BED-4933-BBCD-7EB90F3C29F6}.Release|Any CPU.Build.0 = Release|Any CPU
		{168EC357-5529-4D41-B485-712E9BE4BF2C}.Debug|Any CPU.ActiveCfg = Debug|Any CPU
		{168EC357-5529-4D41-B485-712E9BE4BF2C}.Debug|Any CPU.Build.0 = Debug|Any CPU
		{168EC357-5529-4D41-B485-712E9BE4BF2C}.Release|Any CPU.ActiveCfg = Release|Any CPU
		{168EC357-5529-4D41-B485-712E9BE4BF2C}.Release|Any CPU.Build.0 = Release|Any CPU
		{922551D0-CF38-4F1B-B5A4-809C5ABECE85}.Debug|Any CPU.ActiveCfg = Debug|Any CPU
		{922551D0-CF38-4F1B-B5A4-809C5ABECE85}.Debug|Any CPU.Build.0 = Debug|Any CPU
		{922551D0-CF38-4F1B-B5A4-809C5ABECE85}.Release|Any CPU.ActiveCfg = Release|Any CPU
		{922551D0-CF38-4F1B-B5A4-809C5ABECE85}.Release|Any CPU.Build.0 = Release|Any CPU
		{B43F24ED-D3BE-4DA2-9376-A346F2F1777E}.Debug|Any CPU.ActiveCfg = Debug|Any CPU
		{B43F24ED-D3BE-4DA2-9376-A346F2F1777E}.Debug|Any CPU.Build.0 = Debug|Any CPU
		{B43F24ED-D3BE-4DA2-9376-A346F2F1777E}.Release|Any CPU.ActiveCfg = Release|Any CPU
		{B43F24ED-D3BE-4DA2-9376-A346F2F1777E}.Release|Any CPU.Build.0 = Release|Any CPU
		{03252CBF-A960-4086-AE6E-DB5941A47F28}.Debug|Any CPU.ActiveCfg = Debug|Any CPU
		{03252CBF-A960-4086-AE6E-DB5941A47F28}.Debug|Any CPU.Build.0 = Debug|Any CPU
		{03252CBF-A960-4086-AE6E-DB5941A47F28}.Release|Any CPU.ActiveCfg = Release|Any CPU
		{03252CBF-A960-4086-AE6E-DB5941A47F28}.Release|Any CPU.Build.0 = Release|Any CPU
		{55A43B23-811A-4F5A-B053-98017B6064BB}.Debug|Any CPU.ActiveCfg = Debug|Any CPU
		{55A43B23-811A-4F5A-B053-98017B6064BB}.Debug|Any CPU.Build.0 = Debug|Any CPU
		{55A43B23-811A-4F5A-B053-98017B6064BB}.Release|Any CPU.ActiveCfg = Release|Any CPU
		{55A43B23-811A-4F5A-B053-98017B6064BB}.Release|Any CPU.Build.0 = Release|Any CPU
		{24CF8F20-AECC-465E-AC7E-054179AB86EA}.Debug|Any CPU.ActiveCfg = Debug|Any CPU
		{24CF8F20-AECC-465E-AC7E-054179AB86EA}.Debug|Any CPU.Build.0 = Debug|Any CPU
		{24CF8F20-AECC-465E-AC7E-054179AB86EA}.Release|Any CPU.ActiveCfg = Release|Any CPU
		{24CF8F20-AECC-465E-AC7E-054179AB86EA}.Release|Any CPU.Build.0 = Release|Any CPU
		{111DD9B1-B701-4A2C-963E-144F2BB411AF}.Debug|Any CPU.ActiveCfg = Debug|Any CPU
		{111DD9B1-B701-4A2C-963E-144F2BB411AF}.Debug|Any CPU.Build.0 = Debug|Any CPU
		{111DD9B1-B701-4A2C-963E-144F2BB411AF}.Release|Any CPU.ActiveCfg = Release|Any CPU
		{111DD9B1-B701-4A2C-963E-144F2BB411AF}.Release|Any CPU.Build.0 = Release|Any CPU
		{E5D3C3E3-4D2B-4697-9AA2-1B258FE7F517}.Debug|Any CPU.ActiveCfg = Debug|Any CPU
		{E5D3C3E3-4D2B-4697-9AA2-1B258FE7F517}.Debug|Any CPU.Build.0 = Debug|Any CPU
		{E5D3C3E3-4D2B-4697-9AA2-1B258FE7F517}.Release|Any CPU.ActiveCfg = Release|Any CPU
		{E5D3C3E3-4D2B-4697-9AA2-1B258FE7F517}.Release|Any CPU.Build.0 = Release|Any CPU
	EndGlobalSection
	GlobalSection(SolutionProperties) = preSolution
		HideSolutionNode = FALSE
	EndGlobalSection
	GlobalSection(NestedProjects) = preSolution
		{B6A6ED86-1BED-4933-BBCD-7EB90F3C29F6} = {02EA681E-C7D8-13C7-8484-4AC65E1B71E8}
		{168EC357-5529-4D41-B485-712E9BE4BF2C} = {02EA681E-C7D8-13C7-8484-4AC65E1B71E8}
		{922551D0-CF38-4F1B-B5A4-809C5ABECE85} = {02EA681E-C7D8-13C7-8484-4AC65E1B71E8}
		{B43F24ED-D3BE-4DA2-9376-A346F2F1777E} = {02EA681E-C7D8-13C7-8484-4AC65E1B71E8}
		{03252CBF-A960-4086-AE6E-DB5941A47F28} = {02EA681E-C7D8-13C7-8484-4AC65E1B71E8}
		{55A43B23-811A-4F5A-B053-98017B6064BB} = {02EA681E-C7D8-13C7-8484-4AC65E1B71E8}
		{24CF8F20-AECC-465E-AC7E-054179AB86EA} = {02EA681E-C7D8-13C7-8484-4AC65E1B71E8}
		{111DD9B1-B701-4A2C-963E-144F2BB411AF} = {02EA681E-C7D8-13C7-8484-4AC65E1B71E8}
		{E5D3C3E3-4D2B-4697-9AA2-1B258FE7F517} = {02EA681E-C7D8-13C7-8484-4AC65E1B71E8}
	EndGlobalSection
	GlobalSection(ExtensibilityGlobals) = postSolution
		SolutionGuid = {509DDE56-BA1A-472A-BC8D-75F2CBDD05F9}
	EndGlobalSection
EndGlobal
